
Microsoft Visual Studio Solution File, Format Version 12.00
# Visual Studio 14
VisualStudioVersion = 14.0.25420.1
MinimumVisualStudioVersion = 10.0.40219.1
Project("{FAE04EC0-301F-11D3-BF4B-00C04F79EFBC}") = "Practice Integer Numbers", "ConsoleApplication1\Practice Integer Numbers.csproj", "{B0E112A7-30BD-467F-931F-772F4E5B300F}"
EndProject
Project("{FAE04EC0-301F-11D3-BF4B-00C04F79EFBC}") = "Practice Floating Point", "Practice Floating Point\Practice Floating Point.csproj", "{7FF5A549-37C5-4B2B-8979-6C5C4E9B0052}"
EndProject
Project("{FAE04EC0-301F-11D3-BF4B-00C04F79EFBC}") = "Exchange Variable Values", "Exchange Variable Values\Exchange Variable Values.csproj", "{E706E710-3BBD-4F14-A382-D3177834F670}"
EndProject
Project("{FAE04EC0-301F-11D3-BF4B-00C04F79EFBC}") = "Float or Integer", "Float or Integer\Float or Integer.csproj", "{57657D50-47EA-471F-9274-9EED453D8C3C}"
EndProject
Project("{FAE04EC0-301F-11D3-BF4B-00C04F79EFBC}") = "Distance of The Stars", "Distance of The Stars\Distance of The Stars.csproj", "{3376D5CF-87EC-4E90-84EB-C876FD544729}"
EndProject
Project("{FAE04EC0-301F-11D3-BF4B-00C04F79EFBC}") = "Increment Variable", "Increment Variable\Increment Variable.csproj", "{01E71480-107C-40EE-894F-6C8A3BB20BB3}"
EndProject
Project("{FAE04EC0-301F-11D3-BF4B-00C04F79EFBC}") = "From Terabytes to Bits", "From Terabytes to Bits\From Terabytes to Bits.csproj", "{5C87B157-1A2E-4C45-8BED-E60A93D79D14}"
EndProject
Project("{FAE04EC0-301F-11D3-BF4B-00C04F79EFBC}") = "Traveling at Light Speed", "Traveling at Light Speed\Traveling at Light Speed.csproj", "{B9508EB4-2F98-4ADC-A245-65BD74677A5A}"
EndProject
Project("{FAE04EC0-301F-11D3-BF4B-00C04F79EFBC}") = "Triangle Formations", "Triangle Formations\Triangle Formations.csproj", "{985215E5-DFDE-4363-A481-23CA60BAC49D}"
EndProject
Project("{FAE04EC0-301F-11D3-BF4B-00C04F79EFBC}") = "Data Overflow!!!", "Data Overflow\Data Overflow!!!.csproj", "{9803A83E-FA47-469F-A7F1-7CF658D88D5B}"
EndProject
Project("{FAE04EC0-301F-11D3-BF4B-00C04F79EFBC}") = "Variable in Hexadecimal", "Variable in Hexadecimal\Variable in Hexadecimal.csproj", "{9DDD851E-55DD-4829-BF88-9EDC2CA1A11B}"
EndProject
Project("{FAE04EC0-301F-11D3-BF4B-00C04F79EFBC}") = "Digits with Words", "Digits with Words\Digits with Words.csproj", "{B8E7D6CD-1891-4F0F-97F2-393B3B776164}"
EndProject
Project("{FAE04EC0-301F-11D3-BF4B-00C04F79EFBC}") = "ASCII String", "ASCII String\ASCII String.csproj", "{8A2D49D5-7BCF-45DC-A685-E0DAEBFE1C0C}"
EndProject
Project("{FAE04EC0-301F-11D3-BF4B-00C04F79EFBC}") = "Calculator", "Calculator\Calculator.csproj", "{74765464-C5E6-4236-A202-5EBD662AD8BE}"
EndProject
Project("{FAE04EC0-301F-11D3-BF4B-00C04F79EFBC}") = "Tricky Strings", "Tricky Strings\Tricky Strings.csproj", "{5F23E25A-733B-4B53-B4F3-F757FB41A4D6}"
EndProject
Project("{FAE04EC0-301F-11D3-BF4B-00C04F79EFBC}") = "Characters and Strings", "Characters and Strings\Characters and Strings.csproj", "{F2F84457-FEF1-4529-88CC-2175FAE32EA0}"
EndProject
Project("{FAE04EC0-301F-11D3-BF4B-00C04F79EFBC}") = "Cypher Roulette!!!", "Cypher Roulette\Cypher Roulette!!!.csproj", "{91F9855C-3262-4E0D-933F-5AF5E568F5EA}"
EndProject
Global
	GlobalSection(SolutionConfigurationPlatforms) = preSolution
		Debug|Any CPU = Debug|Any CPU
		Release|Any CPU = Release|Any CPU
	EndGlobalSection
	GlobalSection(ProjectConfigurationPlatforms) = postSolution
		{B0E112A7-30BD-467F-931F-772F4E5B300F}.Debug|Any CPU.ActiveCfg = Debug|Any CPU
		{B0E112A7-30BD-467F-931F-772F4E5B300F}.Debug|Any CPU.Build.0 = Debug|Any CPU
		{B0E112A7-30BD-467F-931F-772F4E5B300F}.Release|Any CPU.ActiveCfg = Release|Any CPU
		{B0E112A7-30BD-467F-931F-772F4E5B300F}.Release|Any CPU.Build.0 = Release|Any CPU
		{7FF5A549-37C5-4B2B-8979-6C5C4E9B0052}.Debug|Any CPU.ActiveCfg = Debug|Any CPU
		{7FF5A549-37C5-4B2B-8979-6C5C4E9B0052}.Debug|Any CPU.Build.0 = Debug|Any CPU
		{7FF5A549-37C5-4B2B-8979-6C5C4E9B0052}.Release|Any CPU.ActiveCfg = Release|Any CPU
		{7FF5A549-37C5-4B2B-8979-6C5C4E9B0052}.Release|Any CPU.Build.0 = Release|Any CPU
		{E706E710-3BBD-4F14-A382-D3177834F670}.Debug|Any CPU.ActiveCfg = Debug|Any CPU
		{E706E710-3BBD-4F14-A382-D3177834F670}.Debug|Any CPU.Build.0 = Debug|Any CPU
		{E706E710-3BBD-4F14-A382-D3177834F670}.Release|Any CPU.ActiveCfg = Release|Any CPU
		{E706E710-3BBD-4F14-A382-D3177834F670}.Release|Any CPU.Build.0 = Release|Any CPU
		{57657D50-47EA-471F-9274-9EED453D8C3C}.Debug|Any CPU.ActiveCfg = Debug|Any CPU
		{57657D50-47EA-471F-9274-9EED453D8C3C}.Debug|Any CPU.Build.0 = Debug|Any CPU
		{57657D50-47EA-471F-9274-9EED453D8C3C}.Release|Any CPU.ActiveCfg = Release|Any CPU
		{57657D50-47EA-471F-9274-9EED453D8C3C}.Release|Any CPU.Build.0 = Release|Any CPU
		{3376D5CF-87EC-4E90-84EB-C876FD544729}.Debug|Any CPU.ActiveCfg = Debug|Any CPU
		{3376D5CF-87EC-4E90-84EB-C876FD544729}.Debug|Any CPU.Build.0 = Debug|Any CPU
		{3376D5CF-87EC-4E90-84EB-C876FD544729}.Release|Any CPU.ActiveCfg = Release|Any CPU
		{3376D5CF-87EC-4E90-84EB-C876FD544729}.Release|Any CPU.Build.0 = Release|Any CPU
		{01E71480-107C-40EE-894F-6C8A3BB20BB3}.Debug|Any CPU.ActiveCfg = Debug|Any CPU
		{01E71480-107C-40EE-894F-6C8A3BB20BB3}.Debug|Any CPU.Build.0 = Debug|Any CPU
		{01E71480-107C-40EE-894F-6C8A3BB20BB3}.Release|Any CPU.ActiveCfg = Release|Any CPU
		{01E71480-107C-40EE-894F-6C8A3BB20BB3}.Release|Any CPU.Build.0 = Release|Any CPU
		{5C87B157-1A2E-4C45-8BED-E60A93D79D14}.Debug|Any CPU.ActiveCfg = Debug|Any CPU
		{5C87B157-1A2E-4C45-8BED-E60A93D79D14}.Debug|Any CPU.Build.0 = Debug|Any CPU
		{5C87B157-1A2E-4C45-8BED-E60A93D79D14}.Release|Any CPU.ActiveCfg = Release|Any CPU
		{5C87B157-1A2E-4C45-8BED-E60A93D79D14}.Release|Any CPU.Build.0 = Release|Any CPU
		{B9508EB4-2F98-4ADC-A245-65BD74677A5A}.Debug|Any CPU.ActiveCfg = Debug|Any CPU
		{B9508EB4-2F98-4ADC-A245-65BD74677A5A}.Debug|Any CPU.Build.0 = Debug|Any CPU
		{B9508EB4-2F98-4ADC-A245-65BD74677A5A}.Release|Any CPU.ActiveCfg = Release|Any CPU
		{B9508EB4-2F98-4ADC-A245-65BD74677A5A}.Release|Any CPU.Build.0 = Release|Any CPU
		{985215E5-DFDE-4363-A481-23CA60BAC49D}.Debug|Any CPU.ActiveCfg = Debug|Any CPU
		{985215E5-DFDE-4363-A481-23CA60BAC49D}.Debug|Any CPU.Build.0 = Debug|Any CPU
		{985215E5-DFDE-4363-A481-23CA60BAC49D}.Release|Any CPU.ActiveCfg = Release|Any CPU
		{985215E5-DFDE-4363-A481-23CA60BAC49D}.Release|Any CPU.Build.0 = Release|Any CPU
		{9803A83E-FA47-469F-A7F1-7CF658D88D5B}.Debug|Any CPU.ActiveCfg = Debug|Any CPU
		{9803A83E-FA47-469F-A7F1-7CF658D88D5B}.Debug|Any CPU.Build.0 = Debug|Any CPU
		{9803A83E-FA47-469F-A7F1-7CF658D88D5B}.Release|Any CPU.ActiveCfg = Release|Any CPU
		{9803A83E-FA47-469F-A7F1-7CF658D88D5B}.Release|Any CPU.Build.0 = Release|Any CPU
		{9DDD851E-55DD-4829-BF88-9EDC2CA1A11B}.Debug|Any CPU.ActiveCfg = Debug|Any CPU
		{9DDD851E-55DD-4829-BF88-9EDC2CA1A11B}.Debug|Any CPU.Build.0 = Debug|Any CPU
		{9DDD851E-55DD-4829-BF88-9EDC2CA1A11B}.Release|Any CPU.ActiveCfg = Release|Any CPU
		{9DDD851E-55DD-4829-BF88-9EDC2CA1A11B}.Release|Any CPU.Build.0 = Release|Any CPU
		{B8E7D6CD-1891-4F0F-97F2-393B3B776164}.Debug|Any CPU.ActiveCfg = Debug|Any CPU
		{B8E7D6CD-1891-4F0F-97F2-393B3B776164}.Debug|Any CPU.Build.0 = Debug|Any CPU
		{B8E7D6CD-1891-4F0F-97F2-393B3B776164}.Release|Any CPU.ActiveCfg = Release|Any CPU
		{B8E7D6CD-1891-4F0F-97F2-393B3B776164}.Release|Any CPU.Build.0 = Release|Any CPU
		{8A2D49D5-7BCF-45DC-A685-E0DAEBFE1C0C}.Debug|Any CPU.ActiveCfg = Debug|Any CPU
		{8A2D49D5-7BCF-45DC-A685-E0DAEBFE1C0C}.Debug|Any CPU.Build.0 = Debug|Any CPU
		{8A2D49D5-7BCF-45DC-A685-E0DAEBFE1C0C}.Release|Any CPU.ActiveCfg = Release|Any CPU
		{8A2D49D5-7BCF-45DC-A685-E0DAEBFE1C0C}.Release|Any CPU.Build.0 = Release|Any CPU
		{74765464-C5E6-4236-A202-5EBD662AD8BE}.Debug|Any CPU.ActiveCfg = Debug|Any CPU
		{74765464-C5E6-4236-A202-5EBD662AD8BE}.Debug|Any CPU.Build.0 = Debug|Any CPU
		{74765464-C5E6-4236-A202-5EBD662AD8BE}.Release|Any CPU.ActiveCfg = Release|Any CPU
		{74765464-C5E6-4236-A202-5EBD662AD8BE}.Release|Any CPU.Build.0 = Release|Any CPU
		{5F23E25A-733B-4B53-B4F3-F757FB41A4D6}.Debug|Any CPU.ActiveCfg = Debug|Any CPU
		{5F23E25A-733B-4B53-B4F3-F757FB41A4D6}.Debug|Any CPU.Build.0 = Debug|Any CPU
		{5F23E25A-733B-4B53-B4F3-F757FB41A4D6}.Release|Any CPU.ActiveCfg = Release|Any CPU
		{5F23E25A-733B-4B53-B4F3-F757FB41A4D6}.Release|Any CPU.Build.0 = Release|Any CPU
		{F2F84457-FEF1-4529-88CC-2175FAE32EA0}.Debug|Any CPU.ActiveCfg = Debug|Any CPU
		{F2F84457-FEF1-4529-88CC-2175FAE32EA0}.Debug|Any CPU.Build.0 = Debug|Any CPU
		{F2F84457-FEF1-4529-88CC-2175FAE32EA0}.Release|Any CPU.ActiveCfg = Release|Any CPU
		{F2F84457-FEF1-4529-88CC-2175FAE32EA0}.Release|Any CPU.Build.0 = Release|Any CPU
		{91F9855C-3262-4E0D-933F-5AF5E568F5EA}.Debug|Any CPU.ActiveCfg = Debug|Any CPU
		{91F9855C-3262-4E0D-933F-5AF5E568F5EA}.Debug|Any CPU.Build.0 = Debug|Any CPU
		{91F9855C-3262-4E0D-933F-5AF5E568F5EA}.Release|Any CPU.ActiveCfg = Release|Any CPU
		{91F9855C-3262-4E0D-933F-5AF5E568F5EA}.Release|Any CPU.Build.0 = Release|Any CPU
	EndGlobalSection
	GlobalSection(SolutionProperties) = preSolution
		HideSolutionNode = FALSE
	EndGlobalSection
EndGlobal
