
Microsoft Visual Studio Solution File, Format Version 12.00
# Visual Studio 14
VisualStudioVersion = 14.0.25420.1
MinimumVisualStudioVersion = 10.0.40219.1
Project("{FAE04EC0-301F-11D3-BF4B-00C04F79EFBC}") = "Special Number", "ConsoleApplication1\Special Number.csproj", "{36499B0C-71A6-4844-991C-27EF33AA6A78}"
EndProject
Project("{FAE04EC0-301F-11D3-BF4B-00C04F79EFBC}") = "Triples of Latin Letters", "Triples of Latin Letters\Triples of Latin Letters.csproj", "{C80AE6AF-F9CF-42EA-92E6-84E27609CD3E}"
EndProject
Project("{FAE04EC0-301F-11D3-BF4B-00C04F79EFBC}") = "Greeting", "Greeting\Greeting.csproj", "{D5545306-C988-4AD5-85CF-994B799E4777}"
EndProject
Project("{FAE04EC0-301F-11D3-BF4B-00C04F79EFBC}") = "Refactor Volume of Piramid", "Refactor Volume of Piramid\Refactor Volume of Piramid.csproj", "{2E9DE148-3D9E-4986-9000-D0745C9D4AD4}"
EndProject
Project("{FAE04EC0-301F-11D3-BF4B-00C04F79EFBC}") = "Refactor Special Numbers", "Refactor Special Numbers\Refactor Special Numbers.csproj", "{5233B6EE-0AF1-4E87-A208-75C264864C1E}"
EndProject
Global
	GlobalSection(SolutionConfigurationPlatforms) = preSolution
		Debug|Any CPU = Debug|Any CPU
		Release|Any CPU = Release|Any CPU
	EndGlobalSection
	GlobalSection(ProjectConfigurationPlatforms) = postSolution
		{36499B0C-71A6-4844-991C-27EF33AA6A78}.Debug|Any CPU.ActiveCfg = Debug|Any CPU
		{36499B0C-71A6-4844-991C-27EF33AA6A78}.Debug|Any CPU.Build.0 = Debug|Any CPU
		{36499B0C-71A6-4844-991C-27EF33AA6A78}.Release|Any CPU.ActiveCfg = Release|Any CPU
		{36499B0C-71A6-4844-991C-27EF33AA6A78}.Release|Any CPU.Build.0 = Release|Any CPU
		{C80AE6AF-F9CF-42EA-92E6-84E27609CD3E}.Debug|Any CPU.ActiveCfg = Debug|Any CPU
		{C80AE6AF-F9CF-42EA-92E6-84E27609CD3E}.Debug|Any CPU.Build.0 = Debug|Any CPU
		{C80AE6AF-F9CF-42EA-92E6-84E27609CD3E}.Release|Any CPU.ActiveCfg = Release|Any CPU
		{C80AE6AF-F9CF-42EA-92E6-84E27609CD3E}.Release|Any CPU.Build.0 = Release|Any CPU
		{D5545306-C988-4AD5-85CF-994B799E4777}.Debug|Any CPU.ActiveCfg = Debug|Any CPU
		{D5545306-C988-4AD5-85CF-994B799E4777}.Debug|Any CPU.Build.0 = Debug|Any CPU
		{D5545306-C988-4AD5-85CF-994B799E4777}.Release|Any CPU.ActiveCfg = Release|Any CPU
		{D5545306-C988-4AD5-85CF-994B799E4777}.Release|Any CPU.Build.0 = Release|Any CPU
		{2E9DE148-3D9E-4986-9000-D0745C9D4AD4}.Debug|Any CPU.ActiveCfg = Debug|Any CPU
		{2E9DE148-3D9E-4986-9000-D0745C9D4AD4}.Debug|Any CPU.Build.0 = Debug|Any CPU
		{2E9DE148-3D9E-4986-9000-D0745C9D4AD4}.Release|Any CPU.ActiveCfg = Release|Any CPU
		{2E9DE148-3D9E-4986-9000-D0745C9D4AD4}.Release|Any CPU.Build.0 = Release|Any CPU
		{5233B6EE-0AF1-4E87-A208-75C264864C1E}.Debug|Any CPU.ActiveCfg = Debug|Any CPU
		{5233B6EE-0AF1-4E87-A208-75C264864C1E}.Debug|Any CPU.Build.0 = Debug|Any CPU
		{5233B6EE-0AF1-4E87-A208-75C264864C1E}.Release|Any CPU.ActiveCfg = Release|Any CPU
		{5233B6EE-0AF1-4E87-A208-75C264864C1E}.Release|Any CPU.Build.0 = Release|Any CPU
	EndGlobalSection
	GlobalSection(SolutionProperties) = preSolution
		HideSolutionNode = FALSE
	EndGlobalSection
EndGlobal
