
Microsoft Visual Studio Solution File, Format Version 12.00
# Visual Studio 14
VisualStudioVersion = 14.0.25420.1
MinimumVisualStudioVersion = 10.0.40219.1
Project("{FAE04EC0-301F-11D3-BF4B-00C04F79EFBC}") = "01. Consecutive Equal Strings", "01. Consecutive Equal Strings\01. Consecutive Equal Strings.csproj", "{7951F7C3-D1E0-42A7-A648-C712998F6068}"
EndProject
Project("{FAE04EC0-301F-11D3-BF4B-00C04F79EFBC}") = "05. Char Rotation", "05. Char Rotation\05. Char Rotation.csproj", "{CFEA90E7-468C-4978-BEF7-59CFB2805F8B}"
EndProject
Project("{FAE04EC0-301F-11D3-BF4B-00C04F79EFBC}") = "06. Power Plants", "06. Power Plants\06. Power Plants.csproj", "{129AAD78-41A0-48A4-B343-63A7F02F6513}"
EndProject
Project("{FAE04EC0-301F-11D3-BF4B-00C04F79EFBC}") = "02. Elements Equal to Their Index", "02. Elements Equal to Their Index\02. Elements Equal to Their Index.csproj", "{F912E6F0-CDF1-45CA-BB42-6B411BFC742E}"
EndProject
Project("{FAE04EC0-301F-11D3-BF4B-00C04F79EFBC}") = "03. Phonebook", "03. Phonebook\03. Phonebook.csproj", "{31D636C9-75D0-44C4-AA3E-5F1728D84CCC}"
EndProject
Project("{FAE04EC0-301F-11D3-BF4B-00C04F79EFBC}") = "04. Phone", "04. Phone\04. Phone.csproj", "{A7896CF7-3597-4FB6-AB2B-CD18D5246AB4}"
EndProject
Project("{FAE04EC0-301F-11D3-BF4B-00C04F79EFBC}") = "07. Resizable Array!!!", "07. Resizable Array\07. Resizable Array!!!.csproj", "{F2FEDD26-A8F4-48E2-8D27-DC4081616272}"
EndProject
Global
	GlobalSection(SolutionConfigurationPlatforms) = preSolution
		Debug|Any CPU = Debug|Any CPU
		Release|Any CPU = Release|Any CPU
	EndGlobalSection
	GlobalSection(ProjectConfigurationPlatforms) = postSolution
		{7951F7C3-D1E0-42A7-A648-C712998F6068}.Debug|Any CPU.ActiveCfg = Debug|Any CPU
		{7951F7C3-D1E0-42A7-A648-C712998F6068}.Debug|Any CPU.Build.0 = Debug|Any CPU
		{7951F7C3-D1E0-42A7-A648-C712998F6068}.Release|Any CPU.ActiveCfg = Release|Any CPU
		{7951F7C3-D1E0-42A7-A648-C712998F6068}.Release|Any CPU.Build.0 = Release|Any CPU
		{CFEA90E7-468C-4978-BEF7-59CFB2805F8B}.Debug|Any CPU.ActiveCfg = Debug|Any CPU
		{CFEA90E7-468C-4978-BEF7-59CFB2805F8B}.Debug|Any CPU.Build.0 = Debug|Any CPU
		{CFEA90E7-468C-4978-BEF7-59CFB2805F8B}.Release|Any CPU.ActiveCfg = Release|Any CPU
		{CFEA90E7-468C-4978-BEF7-59CFB2805F8B}.Release|Any CPU.Build.0 = Release|Any CPU
		{129AAD78-41A0-48A4-B343-63A7F02F6513}.Debug|Any CPU.ActiveCfg = Debug|Any CPU
		{129AAD78-41A0-48A4-B343-63A7F02F6513}.Debug|Any CPU.Build.0 = Debug|Any CPU
		{129AAD78-41A0-48A4-B343-63A7F02F6513}.Release|Any CPU.ActiveCfg = Release|Any CPU
		{129AAD78-41A0-48A4-B343-63A7F02F6513}.Release|Any CPU.Build.0 = Release|Any CPU
		{F912E6F0-CDF1-45CA-BB42-6B411BFC742E}.Debug|Any CPU.ActiveCfg = Debug|Any CPU
		{F912E6F0-CDF1-45CA-BB42-6B411BFC742E}.Debug|Any CPU.Build.0 = Debug|Any CPU
		{F912E6F0-CDF1-45CA-BB42-6B411BFC742E}.Release|Any CPU.ActiveCfg = Release|Any CPU
		{F912E6F0-CDF1-45CA-BB42-6B411BFC742E}.Release|Any CPU.Build.0 = Release|Any CPU
		{31D636C9-75D0-44C4-AA3E-5F1728D84CCC}.Debug|Any CPU.ActiveCfg = Debug|Any CPU
		{31D636C9-75D0-44C4-AA3E-5F1728D84CCC}.Debug|Any CPU.Build.0 = Debug|Any CPU
		{31D636C9-75D0-44C4-AA3E-5F1728D84CCC}.Release|Any CPU.ActiveCfg = Release|Any CPU
		{31D636C9-75D0-44C4-AA3E-5F1728D84CCC}.Release|Any CPU.Build.0 = Release|Any CPU
		{A7896CF7-3597-4FB6-AB2B-CD18D5246AB4}.Debug|Any CPU.ActiveCfg = Debug|Any CPU
		{A7896CF7-3597-4FB6-AB2B-CD18D5246AB4}.Debug|Any CPU.Build.0 = Debug|Any CPU
		{A7896CF7-3597-4FB6-AB2B-CD18D5246AB4}.Release|Any CPU.ActiveCfg = Release|Any CPU
		{A7896CF7-3597-4FB6-AB2B-CD18D5246AB4}.Release|Any CPU.Build.0 = Release|Any CPU
		{F2FEDD26-A8F4-48E2-8D27-DC4081616272}.Debug|Any CPU.ActiveCfg = Debug|Any CPU
		{F2FEDD26-A8F4-48E2-8D27-DC4081616272}.Debug|Any CPU.Build.0 = Debug|Any CPU
		{F2FEDD26-A8F4-48E2-8D27-DC4081616272}.Release|Any CPU.ActiveCfg = Release|Any CPU
		{F2FEDD26-A8F4-48E2-8D27-DC4081616272}.Release|Any CPU.Build.0 = Release|Any CPU
	EndGlobalSection
	GlobalSection(SolutionProperties) = preSolution
		HideSolutionNode = FALSE
	EndGlobalSection
EndGlobal
